
Microsoft Visual Studio Solution File, Format Version 12.00
# Visual Studio Version 17
VisualStudioVersion = 17.14.36310.24
MinimumVisualStudioVersion = 10.0.40219.1
Project("{FAE04EC0-301F-11D3-BF4B-00C04F79EFBC}") = "CubeTimeAnalyzer.Api", "CubeTimeAnalyzer.Api.csproj", "{2D2BB289-10BD-4E47-871C-3F8B385379D4}"
EndProject
Project("{FAE04EC0-301F-11D3-BF4B-00C04F79EFBC}") = "CubeTimeAnalyzer.App", "..\CubeTimeAnalyzer.App\CubeTimeAnalyzer.App.csproj", "{227B47ED-8238-4B7C-BA62-E8C44786A688}"
EndProject
Global
	GlobalSection(SolutionConfigurationPlatforms) = preSolution
		Debug|Any CPU = Debug|Any CPU
		Release|Any CPU = Release|Any CPU
	EndGlobalSection
	GlobalSection(ProjectConfigurationPlatforms) = postSolution
		{2D2BB289-10BD-4E47-871C-3F8B385379D4}.Debug|Any CPU.ActiveCfg = Debug|Any CPU
		{2D2BB289-10BD-4E47-871C-3F8B385379D4}.Debug|Any CPU.Build.0 = Debug|Any CPU
		{2D2BB289-10BD-4E47-871C-3F8B385379D4}.Release|Any CPU.ActiveCfg = Release|Any CPU
		{2D2BB289-10BD-4E47-871C-3F8B385379D4}.Release|Any CPU.Build.0 = Release|Any CPU
		{227B47ED-8238-4B7C-BA62-E8C44786A688}.Debug|Any CPU.ActiveCfg = Debug|Any CPU
		{227B47ED-8238-4B7C-BA62-E8C44786A688}.Debug|Any CPU.Build.0 = Debug|Any CPU
		{227B47ED-8238-4B7C-BA62-E8C44786A688}.Release|Any CPU.ActiveCfg = Release|Any CPU
		{227B47ED-8238-4B7C-BA62-E8C44786A688}.Release|Any CPU.Build.0 = Release|Any CPU
	EndGlobalSection
	GlobalSection(SolutionProperties) = preSolution
		HideSolutionNode = FALSE
	EndGlobalSection
	GlobalSection(ExtensibilityGlobals) = postSolution
		SolutionGuid = {7CE28ECF-2A41-46B9-A439-C4341B7E46AD}
	EndGlobalSection
EndGlobal
